{
  "name": "dspec",
  "version": "0.1.0",
  "lockfileVersion": 3,
  "requires": true,
  "packages": {
    "": {
      "name": "dspec",
      "version": "0.1.0",
      "bin": {
        "dspec": "src/cli.mjs"
      },
      "devDependencies": {
        "@pkl-community/pkl": "^0.30.2"
      },
      "engines": {
        "node": ">=20"
      }
    },
    "node_modules/@pkl-community/pkl": {
      "version": "0.30.2",
      "resolved": "https://registry.npmjs.org/@pkl-community/pkl/-/pkl-0.30.2.tgz",
      "integrity": "sha512-nx25N4mgnV87jW7mxrkdaFCtMW0/teRE/gWe5KnMVDN7vZUo49JyHPPGBEjAHgxfkbxe4LGa+8ApcJFpr8bNGw==",
      "dev": true,
      "license": "Apache-2.0",
      "bin": {
        "pkl": "lib/main.js"
      },
      "optionalDependencies": {
        "@pkl-community/pkl-darwin-arm64": "0.30.2",
        "@pkl-community/pkl-darwin-x64": "0.30.2",
        "@pkl-community/pkl-linux-arm64": "0.30.2",
        "@pkl-community/pkl-linux-x64": "0.30.2"
      }
    },
    "node_modules/@pkl-community/pkl-darwin-arm64": {
      "version": "0.30.2",
      "resolved": "https://registry.npmjs.org/@pkl-community/pkl-darwin-arm64/-/pkl-darwin-arm64-0.30.2.tgz",
      "integrity": "sha512-UuP0XCQBrLY8hqwFJcqhi0d08Fe7AsllU9/0LEikvMUWjQmvFOTsPSk4T+qiXQBTE0v2uHq17rEl75MIo9eB/Q==",
      "cpu": [
        "arm64"
      ],
      "dev": true,
      "license": "Apache-2.0",
      "optional": true,
      "os": [
        "darwin"
      ]
    },
    "node_modules/@pkl-community/pkl-darwin-x64": {
      "version": "0.30.2",
      "resolved": "https://registry.npmjs.org/@pkl-community/pkl-darwin-x64/-/pkl-darwin-x64-0.30.2.tgz",
      "integrity": "sha512-MsG4nAg6BaY0BsLoS9577NqFl/nmwVNlrMWyUllQgw9q1JXFmWk04MWp3AkhLv90eOlpGs5eAYQt5j09su/huA==",
      "cpu": [
        "x64"
      ],
      "dev": true,
      "license": "Apache-2.0",
      "optional": true,
      "os": [
        "darwin"
      ]
    },
    "node_modules/@pkl-community/pkl-linux-arm64": {
      "version": "0.30.2",
      "resolved": "https://registry.npmjs.org/@pkl-community/pkl-linux-arm64/-/pkl-linux-arm64-0.30.2.tgz",
      "integrity": "sha512-EfMPqn4izLzC/JvkjE3qU7/27x9DBKI7xinC/KTGcR8y2SZHusoLdHGQikvG1Gc1CFgVGKUNqyYTtX+mo9L2yw==",
      "cpu": [
        "arm64"
      ],
      "dev": true,
      "license": "Apache-2.0",
      "optional": true,
      "os": [
        "linux"
      ]
    },
    "node_modules/@pkl-community/pkl-linux-x64": {
      "version": "0.30.2",
      "resolved": "https://registry.npmjs.org/@pkl-community/pkl-linux-x64/-/pkl-linux-x64-0.30.2.tgz",
      "integrity": "sha512-pkf719H7n7iI9FAnTTcZMMuha9kv7wp7cszRlLjhr7wUNvi3XbK/y1TwTd0h9QO/0HcWwpCZF+uQsK1oRV9Uag==",
      "cpu": [
        "x64"
      ],
      "dev": true,
      "license": "Apache-2.0",
      "optional": true,
      "os": [
        "linux"
      ]
    }
  }
}
